
Microsoft Visual Studio Solution File, Format Version 12.00
# Visual Studio Version 17
VisualStudioVersion = 17.14.36915.13 d17.14
MinimumVisualStudioVersion = 10.0.40219.1
Project("{FAE04EC0-301F-11D3-BF4B-00C04F79EFBC}") = "ChatBot", "ChatBot.csproj", "{EAC7711A-0994-4E5A-8B34-12E1281EB699}"
EndProject
Global
	GlobalSection(SolutionConfigurationPlatforms) = preSolution
		Debug|Any CPU = Debug|Any CPU
		Release|Any CPU = Release|Any CPU
	EndGlobalSection
	GlobalSection(ProjectConfigurationPlatforms) = postSolution
		{EAC7711A-0994-4E5A-8B34-12E1281EB699}.Debug|Any CPU.ActiveCfg = Debug|Any CPU
		{EAC7711A-0994-4E5A-8B34-12E1281EB699}.Debug|Any CPU.Build.0 = Debug|Any CPU
		{EAC7711A-0994-4E5A-8B34-12E1281EB699}.Release|Any CPU.ActiveCfg = Release|Any CPU
		{EAC7711A-0994-4E5A-8B34-12E1281EB699}.Release|Any CPU.Build.0 = Release|Any CPU
	EndGlobalSection
	GlobalSection(SolutionProperties) = preSolution
		HideSolutionNode = FALSE
	EndGlobalSection
	GlobalSection(ExtensibilityGlobals) = postSolution
		SolutionGuid = {0339A0B0-1810-4FD0-BC26-EDCF76814FD0}
	EndGlobalSection
EndGlobal
